
Microsoft Visual Studio Solution File, Format Version 12.00
# Visual Studio Version 17
VisualStudioVersion = 17.14.36301.6 d17.14
MinimumVisualStudioVersion = 10.0.40219.1
Project("{FAE04EC0-301F-11D3-BF4B-00C04F79EFBC}") = "apiServicio", "apiServicio\apiServicio.csproj", "{1AFDF9F4-1C57-428A-97A6-2E157323568C}"
EndProject
Global
	GlobalSection(SolutionConfigurationPlatforms) = preSolution
		Debug|Any CPU = Debug|Any CPU
		Release|Any CPU = Release|Any CPU
	EndGlobalSection
	GlobalSection(ProjectConfigurationPlatforms) = postSolution
		{1AFDF9F4-1C57-428A-97A6-2E157323568C}.Debug|Any CPU.ActiveCfg = Debug|Any CPU
		{1AFDF9F4-1C57-428A-97A6-2E157323568C}.Debug|Any CPU.Build.0 = Debug|Any CPU
		{1AFDF9F4-1C57-428A-97A6-2E157323568C}.Release|Any CPU.ActiveCfg = Release|Any CPU
		{1AFDF9F4-1C57-428A-97A6-2E157323568C}.Release|Any CPU.Build.0 = Release|Any CPU
	EndGlobalSection
	GlobalSection(SolutionProperties) = preSolution
		HideSolutionNode = FALSE
	EndGlobalSection
	GlobalSection(ExtensibilityGlobals) = postSolution
		SolutionGuid = {E29B84DF-9936-4C1D-9C9A-CBC3890E2797}
	EndGlobalSection
EndGlobal
